
Microsoft Visual Studio Solution File, Format Version 12.00
# Visual Studio Version 17
VisualStudioVersion = 17.0.31903.59
MinimumVisualStudioVersion = 10.0.40219.1
Project("{2150E333-8FDC-42A3-9474-1A3956D46DE8}") = "src", "src", "{827E0CD3-B72D-47B6-A68D-7590B98EB39B}"
EndProject
Project("{FAE04EC0-301F-11D3-BF4B-00C04F79EFBC}") = "OFOQ.Market.Domain", "src\OFOQ.Market.Domain\OFOQ.Market.Domain.csproj", "{BAB5DCB5-1FB9-489B-8E63-19ED8F4B54A4}"
EndProject
Project("{FAE04EC0-301F-11D3-BF4B-00C04F79EFBC}") = "OFOQ.Market.Application", "src\OFOQ.Market.Application\OFOQ.Market.Application.csproj", "{CD20FBA3-AB51-4BD8-BB16-41EF624F07F3}"
EndProject
Project("{FAE04EC0-301F-11D3-BF4B-00C04F79EFBC}") = "OFOQ.Market.Infrastructure", "src\OFOQ.Market.Infrastructure\OFOQ.Market.Infrastructure.csproj", "{20D304EC-A2DB-477D-A165-9A9DFD663B2E}"
EndProject
Project("{FAE04EC0-301F-11D3-BF4B-00C04F79EFBC}") = "OFOQ.Market.Contracts", "src\OFOQ.Market.Contracts\OFOQ.Market.Contracts.csproj", "{50EDE6EB-CFB5-4C86-B888-7E35C9C7E63B}"
EndProject
Project("{FAE04EC0-301F-11D3-BF4B-00C04F79EFBC}") = "OFOQ.Market.Api", "src\OFOQ.Market.Api\OFOQ.Market.Api.csproj", "{5571A75B-6CD4-4683-8591-0BBBE208F796}"
EndProject
Project("{2150E333-8FDC-42A3-9474-1A3956D46DE8}") = "tests", "tests", "{0AB3BF05-4346-4AA6-1389-037BE0695223}"
EndProject
Project("{FAE04EC0-301F-11D3-BF4B-00C04F79EFBC}") = "OFOQ.Market.Domain.Tests", "tests\OFOQ.Market.Domain.Tests\OFOQ.Market.Domain.Tests.csproj", "{807F3AFD-EBEB-4C03-AC6E-DCDB873170D1}"
EndProject
Global
	GlobalSection(SolutionConfigurationPlatforms) = preSolution
		Debug|Any CPU = Debug|Any CPU
		Debug|x64 = Debug|x64
		Debug|x86 = Debug|x86
		Release|Any CPU = Release|Any CPU
		Release|x64 = Release|x64
		Release|x86 = Release|x86
	EndGlobalSection
	GlobalSection(ProjectConfigurationPlatforms) = postSolution
		{BAB5DCB5-1FB9-489B-8E63-19ED8F4B54A4}.Debug|Any CPU.ActiveCfg = Debug|Any CPU
		{BAB5DCB5-1FB9-489B-8E63-19ED8F4B54A4}.Debug|Any CPU.Build.0 = Debug|Any CPU
		{BAB5DCB5-1FB9-489B-8E63-19ED8F4B54A4}.Debug|x64.ActiveCfg = Debug|Any CPU
		{BAB5DCB5-1FB9-489B-8E63-19ED8F4B54A4}.Debug|x64.Build.0 = Debug|Any CPU
		{BAB5DCB5-1FB9-489B-8E63-19ED8F4B54A4}.Debug|x86.ActiveCfg = Debug|Any CPU
		{BAB5DCB5-1FB9-489B-8E63-19ED8F4B54A4}.Debug|x86.Build.0 = Debug|Any CPU
		{BAB5DCB5-1FB9-489B-8E63-19ED8F4B54A4}.Release|Any CPU.ActiveCfg = Release|Any CPU
		{BAB5DCB5-1FB9-489B-8E63-19ED8F4B54A4}.Release|Any CPU.Build.0 = Release|Any CPU
		{BAB5DCB5-1FB9-489B-8E63-19ED8F4B54A4}.Release|x64.ActiveCfg = Release|Any CPU
		{BAB5DCB5-1FB9-489B-8E63-19ED8F4B54A4}.Release|x64.Build.0 = Release|Any CPU
		{BAB5DCB5-1FB9-489B-8E63-19ED8F4B54A4}.Release|x86.ActiveCfg = Release|Any CPU
		{BAB5DCB5-1FB9-489B-8E63-19ED8F4B54A4}.Release|x86.Build.0 = Release|Any CPU
		{CD20FBA3-AB51-4BD8-BB16-41EF624F07F3}.Debug|Any CPU.ActiveCfg = Debug|Any CPU
		{CD20FBA3-AB51-4BD8-BB16-41EF624F07F3}.Debug|Any CPU.Build.0 = Debug|Any CPU
		{CD20FBA3-AB51-4BD8-BB16-41EF624F07F3}.Debug|x64.ActiveCfg = Debug|Any CPU
		{CD20FBA3-AB51-4BD8-BB16-41EF624F07F3}.Debug|x64.Build.0 = Debug|Any CPU
		{CD20FBA3-AB51-4BD8-BB16-41EF624F07F3}.Debug|x86.ActiveCfg = Debug|Any CPU
		{CD20FBA3-AB51-4BD8-BB16-41EF624F07F3}.Debug|x86.Build.0 = Debug|Any CPU
		{CD20FBA3-AB51-4BD8-BB16-41EF624F07F3}.Release|Any CPU.ActiveCfg = Release|Any CPU
		{CD20FBA3-AB51-4BD8-BB16-41EF624F07F3}.Release|Any CPU.Build.0 = Release|Any CPU
		{CD20FBA3-AB51-4BD8-BB16-41EF624F07F3}.Release|x64.ActiveCfg = Release|Any CPU
		{CD20FBA3-AB51-4BD8-BB16-41EF624F07F3}.Release|x64.Build.0 = Release|Any CPU
		{CD20FBA3-AB51-4BD8-BB16-41EF624F07F3}.Release|x86.ActiveCfg = Release|Any CPU
		{CD20FBA3-AB51-4BD8-BB16-41EF624F07F3}.Release|x86.Build.0 = Release|Any CPU
		{20D304EC-A2DB-477D-A165-9A9DFD663B2E}.Debug|Any CPU.ActiveCfg = Debug|Any CPU
		{20D304EC-A2DB-477D-A165-9A9DFD663B2E}.Debug|Any CPU.Build.0 = Debug|Any CPU
		{20D304EC-A2DB-477D-A165-9A9DFD663B2E}.Debug|x64.ActiveCfg = Debug|Any CPU
		{20D304EC-A2DB-477D-A165-9A9DFD663B2E}.Debug|x64.Build.0 = Debug|Any CPU
		{20D304EC-A2DB-477D-A165-9A9DFD663B2E}.Debug|x86.ActiveCfg = Debug|Any CPU
		{20D304EC-A2DB-477D-A165-9A9DFD663B2E}.Debug|x86.Build.0 = Debug|Any CPU
		{20D304EC-A2DB-477D-A165-9A9DFD663B2E}.Release|Any CPU.ActiveCfg = Release|Any CPU
		{20D304EC-A2DB-477D-A165-9A9DFD663B2E}.Release|Any CPU.Build.0 = Release|Any CPU
		{20D304EC-A2DB-477D-A165-9A9DFD663B2E}.Release|x64.ActiveCfg = Release|Any CPU
		{20D304EC-A2DB-477D-A165-9A9DFD663B2E}.Release|x64.Build.0 = Release|Any CPU
		{20D304EC-A2DB-477D-A165-9A9DFD663B2E}.Release|x86.ActiveCfg = Release|Any CPU
		{20D304EC-A2DB-477D-A165-9A9DFD663B2E}.Release|x86.Build.0 = Release|Any CPU
		{50EDE6EB-CFB5-4C86-B888-7E35C9C7E63B}.Debug|Any CPU.ActiveCfg = Debug|Any CPU
		{50EDE6EB-CFB5-4C86-B888-7E35C9C7E63B}.Debug|Any CPU.Build.0 = Debug|Any CPU
		{50EDE6EB-CFB5-4C86-B888-7E35C9C7E63B}.Debug|x64.ActiveCfg = Debug|Any CPU
		{50EDE6EB-CFB5-4C86-B888-7E35C9C7E63B}.Debug|x64.Build.0 = Debug|Any CPU
		{50EDE6EB-CFB5-4C86-B888-7E35C9C7E63B}.Debug|x86.ActiveCfg = Debug|Any CPU
		{50EDE6EB-CFB5-4C86-B888-7E35C9C7E63B}.Debug|x86.Build.0 = Debug|Any CPU
		{50EDE6EB-CFB5-4C86-B888-7E35C9C7E63B}.Release|Any CPU.ActiveCfg = Release|Any CPU
		{50EDE6EB-CFB5-4C86-B888-7E35C9C7E63B}.Release|Any CPU.Build.0 = Release|Any CPU
		{50EDE6EB-CFB5-4C86-B888-7E35C9C7E63B}.Release|x64.ActiveCfg = Release|Any CPU
		{50EDE6EB-CFB5-4C86-B888-7E35C9C7E63B}.Release|x64.Build.0 = Release|Any CPU
		{50EDE6EB-CFB5-4C86-B888-7E35C9C7E63B}.Release|x86.ActiveCfg = Release|Any CPU
		{50EDE6EB-CFB5-4C86-B888-7E35C9C7E63B}.Release|x86.Build.0 = Release|Any CPU
		{5571A75B-6CD4-4683-8591-0BBBE208F796}.Debug|Any CPU.ActiveCfg = Debug|Any CPU
		{5571A75B-6CD4-4683-8591-0BBBE208F796}.Debug|Any CPU.Build.0 = Debug|Any CPU
		{5571A75B-6CD4-4683-8591-0BBBE208F796}.Debug|x64.ActiveCfg = Debug|Any CPU
		{5571A75B-6CD4-4683-8591-0BBBE208F796}.Debug|x64.Build.0 = Debug|Any CPU
		{5571A75B-6CD4-4683-8591-0BBBE208F796}.Debug|x86.ActiveCfg = Debug|Any CPU
		{5571A75B-6CD4-4683-8591-0BBBE208F796}.Debug|x86.Build.0 = Debug|Any CPU
		{5571A75B-6CD4-4683-8591-0BBBE208F796}.Release|Any CPU.ActiveCfg = Release|Any CPU
		{5571A75B-6CD4-4683-8591-0BBBE208F796}.Release|Any CPU.Build.0 = Release|Any CPU
		{5571A75B-6CD4-4683-8591-0BBBE208F796}.Release|x64.ActiveCfg = Release|Any CPU
		{5571A75B-6CD4-4683-8591-0BBBE208F796}.Release|x64.Build.0 = Release|Any CPU
		{5571A75B-6CD4-4683-8591-0BBBE208F796}.Release|x86.ActiveCfg = Release|Any CPU
		{5571A75B-6CD4-4683-8591-0BBBE208F796}.Release|x86.Build.0 = Release|Any CPU
		{807F3AFD-EBEB-4C03-AC6E-DCDB873170D1}.Debug|Any CPU.ActiveCfg = Debug|Any CPU
		{807F3AFD-EBEB-4C03-AC6E-DCDB873170D1}.Debug|Any CPU.Build.0 = Debug|Any CPU
		{807F3AFD-EBEB-4C03-AC6E-DCDB873170D1}.Debug|x64.ActiveCfg = Debug|Any CPU
		{807F3AFD-EBEB-4C03-AC6E-DCDB873170D1}.Debug|x64.Build.0 = Debug|Any CPU
		{807F3AFD-EBEB-4C03-AC6E-DCDB873170D1}.Debug|x86.ActiveCfg = Debug|Any CPU
		{807F3AFD-EBEB-4C03-AC6E-DCDB873170D1}.Debug|x86.Build.0 = Debug|Any CPU
		{807F3AFD-EBEB-4C03-AC6E-DCDB873170D1}.Release|Any CPU.ActiveCfg = Release|Any CPU
		{807F3AFD-EBEB-4C03-AC6E-DCDB873170D1}.Release|Any CPU.Build.0 = Release|Any CPU
		{807F3AFD-EBEB-4C03-AC6E-DCDB873170D1}.Release|x64.ActiveCfg = Release|Any CPU
		{807F3AFD-EBEB-4C03-AC6E-DCDB873170D1}.Release|x64.Build.0 = Release|Any CPU
		{807F3AFD-EBEB-4C03-AC6E-DCDB873170D1}.Release|x86.ActiveCfg = Release|Any CPU
		{807F3AFD-EBEB-4C03-AC6E-DCDB873170D1}.Release|x86.Build.0 = Release|Any CPU
	EndGlobalSection
	GlobalSection(SolutionProperties) = preSolution
		HideSolutionNode = FALSE
	EndGlobalSection
	GlobalSection(NestedProjects) = preSolution
		{BAB5DCB5-1FB9-489B-8E63-19ED8F4B54A4} = {827E0CD3-B72D-47B6-A68D-7590B98EB39B}
		{CD20FBA3-AB51-4BD8-BB16-41EF624F07F3} = {827E0CD3-B72D-47B6-A68D-7590B98EB39B}
		{20D304EC-A2DB-477D-A165-9A9DFD663B2E} = {827E0CD3-B72D-47B6-A68D-7590B98EB39B}
		{50EDE6EB-CFB5-4C86-B888-7E35C9C7E63B} = {827E0CD3-B72D-47B6-A68D-7590B98EB39B}
		{5571A75B-6CD4-4683-8591-0BBBE208F796} = {827E0CD3-B72D-47B6-A68D-7590B98EB39B}
		{807F3AFD-EBEB-4C03-AC6E-DCDB873170D1} = {0AB3BF05-4346-4AA6-1389-037BE0695223}
	EndGlobalSection
EndGlobal
